// !$*UTF8*$!
{
	archiveVersion = 1;
	classes = {
	};
	objectVersion = 46;
	objects = {

/* Begin PBXBuildFile section */
		83ABA71C1F17CE93008DAD90 /* AppDelegate.swift in Sources */ = {isa = PBXBuildFile; fileRef = 83ABA71B1F17CE93008DAD90 /* AppDelegate.swift */; };
		83ABA71E1F17CE93008DAD90 /* MainVC.swift in Sources */ = {isa = PBXBuildFile; fileRef = 83ABA71D1F17CE93008DAD90 /* MainVC.swift */; };
		83ABA7211F17CE93008DAD90 /* Main.storyboard in Resources */ = {isa = PBXBuildFile; fileRef = 83ABA71F1F17CE93008DAD90 /* Main.storyboard */; };
		83ABA7241F17CE93008DAD90 /* DreamLister.xcdatamodeld in Sources */ = {isa = PBXBuildFile; fileRef = 83ABA7221F17CE93008DAD90 /* DreamLister.xcdatamodeld */; };
		83ABA7261F17CE93008DAD90 /* Assets.xcassets in Resources */ = {isa = PBXBuildFile; fileRef = 83ABA7251F17CE93008DAD90 /* Assets.xcassets */; };
		83ABA7291F17CE93008DAD90 /* LaunchScreen.storyboard in Resources */ = {isa = PBXBuildFile; fileRef = 83ABA7271F17CE93008DAD90 /* LaunchScreen.storyboard */; };
		83ABA7381F17DA3F008DAD90 /* ItemType+CoreDataClass.swift in Sources */ = {isa = PBXBuildFile; fileRef = 83ABA7301F17DA3F008DAD90 /* ItemType+CoreDataClass.swift */; };
		83ABA7391F17DA3F008DAD90 /* ItemType+CoreDataProperties.swift in Sources */ = {isa = PBXBuildFile; fileRef = 83ABA7311F17DA3F008DAD90 /* ItemType+CoreDataProperties.swift */; };
		83ABA73A1F17DA3F008DAD90 /* Item+CoreDataClass.swift in Sources */ = {isa = PBXBuildFile; fileRef = 83ABA7321F17DA3F008DAD90 /* Item+CoreDataClass.swift */; };
		83ABA73B1F17DA3F008DAD90 /* Item+CoreDataProperties.swift in Sources */ = {isa = PBXBuildFile; fileRef = 83ABA7331F17DA3F008DAD90 /* Item+CoreDataProperties.swift */; };
		83ABA73C1F17DA3F008DAD90 /* Store+CoreDataClass.swift in Sources */ = {isa = PBXBuildFile; fileRef = 83ABA7341F17DA3F008DAD90 /* Store+CoreDataClass.swift */; };
		83ABA73D1F17DA3F008DAD90 /* Store+CoreDataProperties.swift in Sources */ = {isa = PBXBuildFile; fileRef = 83ABA7351F17DA3F008DAD90 /* Store+CoreDataProperties.swift */; };
		83ABA73E1F17DA3F008DAD90 /* Image+CoreDataClass.swift in Sources */ = {isa = PBXBuildFile; fileRef = 83ABA7361F17DA3F008DAD90 /* Image+CoreDataClass.swift */; };
		83ABA73F1F17DA3F008DAD90 /* Image+CoreDataProperties.swift in Sources */ = {isa = PBXBuildFile; fileRef = 83ABA7371F17DA3F008DAD90 /* Image+CoreDataProperties.swift */; };
		83ABA7441F17E14D008DAD90 /* MaterialView.swift in Sources */ = {isa = PBXBuildFile; fileRef = 83ABA7431F17E14D008DAD90 /* MaterialView.swift */; };
		83ABA7491F17E624008DAD90 /* ItemCell.swift in Sources */ = {isa = PBXBuildFile; fileRef = 83ABA7481F17E624008DAD90 /* ItemCell.swift */; };
		83ABA74B1F1842DE008DAD90 /* ItemDetailsVC.swift in Sources */ = {isa = PBXBuildFile; fileRef = 83ABA74A1F1842DE008DAD90 /* ItemDetailsVC.swift */; };
		83ABA74D1F18902F008DAD90 /* CustomTextField.swift in Sources */ = {isa = PBXBuildFile; fileRef = 83ABA74C1F18902F008DAD90 /* CustomTextField.swift */; };
/* End PBXBuildFile section */

/* Begin PBXFileReference section */
		83ABA7181F17CE93008DAD90 /* DreamLister.app */ = {isa = PBXFileReference; explicitFileType = wrapper.application; includeInIndex = 0; path = DreamLister.app; sourceTree = BUILT_PRODUCTS_DIR; };
		83ABA71B1F17CE93008DAD90 /* AppDelegate.swift */ = {isa = PBXFileReference; lastKnownFileType = sourcecode.swift; path = AppDelegate.swift; sourceTree = "<group>"; };
		83ABA71D1F17CE93008DAD90 /* MainVC.swift */ = {isa = PBXFileReference; lastKnownFileType = sourcecode.swift; path = MainVC.swift; sourceTree = "<group>"; };
		83ABA7201F17CE93008DAD90 /* Base */ = {isa = PBXFileReference; lastKnownFileType = file.storyboard; name = Base; path = Base.lproj/Main.storyboard; sourceTree = "<group>"; };
		83ABA7231F17CE93008DAD90 /* DreamLister.xcdatamodel */ = {isa = PBXFileReference; lastKnownFileType = wrapper.xcdatamodel; path = DreamLister.xcdatamodel; sourceTree = "<group>"; };
		83ABA7251F17CE93008DAD90 /* Assets.xcassets */ = {isa = PBXFileReference; lastKnownFileType = folder.assetcatalog; path = Assets.xcassets; sourceTree = "<group>"; };
		83ABA7281F17CE93008DAD90 /* Base */ = {isa = PBXFileReference; lastKnownFileType = file.storyboard; name = Base; path = Base.lproj/LaunchScreen.storyboard; sourceTree = "<group>"; };
		83ABA72A1F17CE93008DAD90 /* Info.plist */ = {isa = PBXFileReference; lastKnownFileType = text.plist.xml; path = Info.plist; sourceTree = "<group>"; };
		83ABA7301F17DA3F008DAD90 /* ItemType+CoreDataClass.swift */ = {isa = PBXFileReference; fileEncoding = 4; lastKnownFileType = sourcecode.swift; path = "ItemType+CoreDataClass.swift"; sourceTree = "<group>"; };
		83ABA7311F17DA3F008DAD90 /* ItemType+CoreDataProperties.swift */ = {isa = PBXFileReference; fileEncoding = 4; lastKnownFileType = sourcecode.swift; path = "ItemType+CoreDataProperties.swift"; sourceTree = "<group>"; };
		83ABA7321F17DA3F008DAD90 /* Item+CoreDataClass.swift */ = {isa = PBXFileReference; fileEncoding = 4; lastKnownFileType = sourcecode.swift; path = "Item+CoreDataClass.swift"; sourceTree = "<group>"; };
		83ABA7331F17DA3F008DAD90 /* Item+CoreDataProperties.swift */ = {isa = PBXFileReference; fileEncoding = 4; lastKnownFileType = sourcecode.swift; path = "Item+CoreDataProperties.swift"; sourceTree = "<group>"; };
		83ABA7341F17DA3F008DAD90 /* Store+CoreDataClass.swift */ = {isa = PBXFileReference; fileEncoding = 4; lastKnownFileType = sourcecode.swift; path = "Store+CoreDataClass.swift"; sourceTree = "<group>"; };
		83ABA7351F17DA3F008DAD90 /* Store+CoreDataProperties.swift */ = {isa = PBXFileReference; fileEncoding = 4; lastKnownFileType = sourcecode.swift; path = "Store+CoreDataProperties.swift"; sourceTree = "<group>"; };
		83ABA7361F17DA3F008DAD90 /* Image+CoreDataClass.swift */ = {isa = PBXFileReference; fileEncoding = 4; lastKnownFileType = sourcecode.swift; path = "Image+CoreDataClass.swift"; sourceTree = "<group>"; };
		83ABA7371F17DA3F008DAD90 /* Image+CoreDataProperties.swift */ = {isa = PBXFileReference; fileEncoding = 4; lastKnownFileType = sourcecode.swift; path = "Image+CoreDataProperties.swift"; sourceTree = "<group>"; };
		83ABA7431F17E14D008DAD90 /* MaterialView.swift */ = {isa = PBXFileReference; fileEncoding = 4; lastKnownFileType = sourcecode.swift; path = MaterialView.swift; sourceTree = "<group>"; };
		83ABA7481F17E624008DAD90 /* ItemCell.swift */ = {isa = PBXFileReference; fileEncoding = 4; lastKnownFileType = sourcecode.swift; path = ItemCell.swift; sourceTree = "<group>"; };
		83ABA74A1F1842DE008DAD90 /* ItemDetailsVC.swift */ = {isa = PBXFileReference; fileEncoding = 4; lastKnownFileType = sourcecode.swift; path = ItemDetailsVC.swift; sourceTree = "<group>"; };
		83ABA74C1F18902F008DAD90 /* CustomTextField.swift */ = {isa = PBXFileReference; fileEncoding = 4; lastKnownFileType = sourcecode.swift; path = CustomTextField.swift; sourceTree = "<group>"; };
/* End PBXFileReference section */

/* Begin PBXFrameworksBuildPhase section */
		83ABA7151F17CE93008DAD90 /* Frameworks */ = {
			isa = PBXFrameworksBuildPhase;
			buildActionMask = 2147483647;
			files = (
			);
			runOnlyForDeploymentPostprocessing = 0;
		};
/* End PBXFrameworksBuildPhase section */

/* Begin PBXGroup section */
		83ABA70F1F17CE93008DAD90 = {
			isa = PBXGroup;
			children = (
				83ABA71A1F17CE93008DAD90 /* DreamLister */,
				83ABA7191F17CE93008DAD90 /* Products */,
			);
			sourceTree = "<group>";
		};
		83ABA7191F17CE93008DAD90 /* Products */ = {
			isa = PBXGroup;
			children = (
				83ABA7181F17CE93008DAD90 /* DreamLister.app */,
			);
			name = Products;
			sourceTree = "<group>";
		};
		83ABA71A1F17CE93008DAD90 /* DreamLister */ = {
			isa = PBXGroup;
			children = (
				83ABA7451F17E153008DAD90 /* View */,
				83ABA7421F17DD86008DAD90 /* Controller */,
				83ABA7401F17DA4E008DAD90 /* Model */,
				83ABA71B1F17CE93008DAD90 /* AppDelegate.swift */,
				83ABA71F1F17CE93008DAD90 /* Main.storyboard */,
				83ABA7251F17CE93008DAD90 /* Assets.xcassets */,
				83ABA7271F17CE93008DAD90 /* LaunchScreen.storyboard */,
				83ABA72A1F17CE93008DAD90 /* Info.plist */,
				83ABA7221F17CE93008DAD90 /* DreamLister.xcdatamodeld */,
				83ABA7411F17DA80008DAD90 /* Generated */,
			);
			path = DreamLister;
			sourceTree = "<group>";
		};
		83ABA7401F17DA4E008DAD90 /* Model */ = {
			isa = PBXGroup;
			children = (
				83ABA7301F17DA3F008DAD90 /* ItemType+CoreDataClass.swift */,
				83ABA7321F17DA3F008DAD90 /* Item+CoreDataClass.swift */,
				83ABA7341F17DA3F008DAD90 /* Store+CoreDataClass.swift */,
				83ABA7361F17DA3F008DAD90 /* Image+CoreDataClass.swift */,
			);
			name = Model;
			sourceTree = "<group>";
		};
		83ABA7411F17DA80008DAD90 /* Generated */ = {
			isa = PBXGroup;
			children = (
				83ABA7311F17DA3F008DAD90 /* ItemType+CoreDataProperties.swift */,
				83ABA7331F17DA3F008DAD90 /* Item+CoreDataProperties.swift */,
				83ABA7371F17DA3F008DAD90 /* Image+CoreDataProperties.swift */,
				83ABA7351F17DA3F008DAD90 /* Store+CoreDataProperties.swift */,
			);
			name = Generated;
			sourceTree = "<group>";
		};
		83ABA7421F17DD86008DAD90 /* Controller */ = {
			isa = PBXGroup;
			children = (
				83ABA71D1F17CE93008DAD90 /* MainVC.swift */,
				83ABA74A1F1842DE008DAD90 /* ItemDetailsVC.swift */,
			);
			name = Controller;
			sourceTree = "<group>";
		};
		83ABA7451F17E153008DAD90 /* View */ = {
			isa = PBXGroup;
			children = (
				83ABA7431F17E14D008DAD90 /* MaterialView.swift */,
				83ABA7481F17E624008DAD90 /* ItemCell.swift */,
				83ABA74C1F18902F008DAD90 /* CustomTextField.swift */,
			);
			name = View;
			sourceTree = "<group>";
		};
/* End PBXGroup section */

/* Begin PBXNativeTarget section */
		83ABA7171F17CE93008DAD90 /* DreamLister */ = {
			isa = PBXNativeTarget;
			buildConfigurationList = 83ABA72D1F17CE93008DAD90 /* Build configuration list for PBXNativeTarget "DreamLister" */;
			buildPhases = (
				83ABA7141F17CE93008DAD90 /* Sources */,
				83ABA7151F17CE93008DAD90 /* Frameworks */,
				83ABA7161F17CE93008DAD90 /* Resources */,
			);
			buildRules = (
			);
			dependencies = (
			);
			name = DreamLister;
			productName = DreamLister;
			productReference = 83ABA7181F17CE93008DAD90 /* DreamLister.app */;
			productType = "com.apple.product-type.application";
		};
/* End PBXNativeTarget section */

/* Begin PBXProject section */
		83ABA7101F17CE93008DAD90 /* Project object */ = {
			isa = PBXProject;
			attributes = {
				LastSwiftUpdateCheck = 0830;
				LastUpgradeCheck = 0830;
				ORGANIZATIONNAME = "Chris Olson";
				TargetAttributes = {
					83ABA7171F17CE93008DAD90 = {
						CreatedOnToolsVersion = 8.3.3;
						ProvisioningStyle = Automatic;
					};
				};
			};
			buildConfigurationList = 83ABA7131F17CE93008DAD90 /* Build configuration list for PBXProject "DreamLister" */;
			compatibilityVersion = "Xcode 3.2";
			developmentRegion = English;
			hasScannedForEncodings = 0;
			knownRegions = (
				en,
				Base,
			);
			mainGroup = 83ABA70F1F17CE93008DAD90;
			productRefGroup = 83ABA7191F17CE93008DAD90 /* Products */;
			projectDirPath = "";
			projectRoot = "";
			targets = (
				83ABA7171F17CE93008DAD90 /* DreamLister */,
			);
		};
/* End PBXProject section */

/* Begin PBXResourcesBuildPhase section */
		83ABA7161F17CE93008DAD90 /* Resources */ = {
			isa = PBXResourcesBuildPhase;
			buildActionMask = 2147483647;
			files = (
				83ABA7291F17CE93008DAD90 /* LaunchScreen.storyboard in Resources */,
				83ABA7261F17CE93008DAD90 /* Assets.xcassets in Resources */,
				83ABA7211F17CE93008DAD90 /* Main.storyboard in Resources */,
			);
			runOnlyForDeploymentPostprocessing = 0;
		};
/* End PBXResourcesBuildPhase section */

/* Begin PBXSourcesBuildPhase section */
		83ABA7141F17CE93008DAD90 /* Sources */ = {
			isa = PBXSourcesBuildPhase;
			buildActionMask = 2147483647;
			files = (
				83ABA7491F17E624008DAD90 /* ItemCell.swift in Sources */,
				83ABA73B1F17DA3F008DAD90 /* Item+CoreDataProperties.swift in Sources */,
				83ABA73A1F17DA3F008DAD90 /* Item+CoreDataClass.swift in Sources */,
				83ABA7381F17DA3F008DAD90 /* ItemType+CoreDataClass.swift in Sources */,
				83ABA7441F17E14D008DAD90 /* MaterialView.swift in Sources */,
				83ABA7391F17DA3F008DAD90 /* ItemType+CoreDataProperties.swift in Sources */,
				83ABA73D1F17DA3F008DAD90 /* Store+CoreDataProperties.swift in Sources */,
				83ABA71E1F17CE93008DAD90 /* MainVC.swift in Sources */,
				83ABA74B1F1842DE008DAD90 /* ItemDetailsVC.swift in Sources */,
				83ABA73C1F17DA3F008DAD90 /* Store+CoreDataClass.swift in Sources */,
				83ABA71C1F17CE93008DAD90 /* AppDelegate.swift in Sources */,
				83ABA7241F17CE93008DAD90 /* DreamLister.xcdatamodeld in Sources */,
				83ABA73E1F17DA3F008DAD90 /* Image+CoreDataClass.swift in Sources */,
				83ABA73F1F17DA3F008DAD90 /* Image+CoreDataProperties.swift in Sources */,
				83ABA74D1F18902F008DAD90 /* CustomTextField.swift in Sources */,
			);
			runOnlyForDeploymentPostprocessing = 0;
		};
/* End PBXSourcesBuildPhase section */

/* Begin PBXVariantGroup section */
		83ABA71F1F17CE93008DAD90 /* Main.storyboard */ = {
			isa = PBXVariantGroup;
			children = (
				83ABA7201F17CE93008DAD90 /* Base */,
			);
			name = Main.storyboard;
			sourceTree = "<group>";
		};
		83ABA7271F17CE93008DAD90 /* LaunchScreen.storyboard */ = {
			isa = PBXVariantGroup;
			children = (
				83ABA7281F17CE93008DAD90 /* Base */,
			);
			name = LaunchScreen.storyboard;
			sourceTree = "<group>";
		};
/* End PBXVariantGroup section */

/* Begin XCBuildConfiguration section */
		83ABA72B1F17CE93008DAD90 /* Debug */ = {
			isa = XCBuildConfiguration;
			buildSettings = {
				ALWAYS_SEARCH_USER_PATHS = NO;
				CLANG_ANALYZER_NONNULL = YES;
				CLANG_ANALYZER_NUMBER_OBJECT_CONVERSION = YES_AGGRESSIVE;
				CLANG_CXX_LANGUAGE_STANDARD = "gnu++0x";
				CLANG_CXX_LIBRARY = "libc++";
				CLANG_ENABLE_MODULES = YES;
				CLANG_ENABLE_OBJC_ARC = YES;
				CLANG_WARN_BOOL_CONVERSION = YES;
				CLANG_WARN_CONSTANT_CONVERSION = YES;
				CLANG_WARN_DIRECT_OBJC_ISA_USAGE = YES_ERROR;
				CLANG_WARN_DOCUMENTATION_COMMENTS = YES;
				CLANG_WARN_EMPTY_BODY = YES;
				CLANG_WARN_ENUM_CONVERSION = YES;
				CLANG_WARN_INFINITE_RECURSION = YES;
				CLANG_WARN_INT_CONVERSION = YES;
				CLANG_WARN_OBJC_ROOT_CLASS = YES_ERROR;
				CLANG_WARN_SUSPICIOUS_MOVE = YES;
				CLANG_WARN_UNREACHABLE_CODE = YES;
				CLANG_WARN__DUPLICATE_METHOD_MATCH = YES;
				"CODE_SIGN_IDENTITY[sdk=iphoneos*]" = "iPhone Developer";
				COPY_PHASE_STRIP = NO;
				DEBUG_INFORMATION_FORMAT = dwarf;
				ENABLE_STRICT_OBJC_MSGSEND = YES;
				ENABLE_TESTABILITY = YES;
				GCC_C_LANGUAGE_STANDARD = gnu99;
				GCC_DYNAMIC_NO_PIC = NO;
				GCC_NO_COMMON_BLOCKS = YES;
				GCC_OPTIMIZATION_LEVEL = 0;
				GCC_PREPROCESSOR_DEFINITIONS = (
					"DEBUG=1",
					"$(inherited)",
				);
				GCC_WARN_64_TO_32_BIT_CONVERSION = YES;
				GCC_WARN_ABOUT_RETURN_TYPE = YES_ERROR;
				GCC_WARN_UNDECLARED_SELECTOR = YES;
				GCC_WARN_UNINITIALIZED_AUTOS = YES_AGGRESSIVE;
				GCC_WARN_UNUSED_FUNCTION = YES;
				GCC_WARN_UNUSED_VARIABLE = YES;
				IPHONEOS_DEPLOYMENT_TARGET = 10.3;
				MTL_ENABLE_DEBUG_INFO = YES;
				ONLY_ACTIVE_ARCH = YES;
				SDKROOT = iphoneos;
				SWIFT_ACTIVE_COMPILATION_CONDITIONS = DEBUG;
				SWIFT_OPTIMIZATION_LEVEL = "-Onone";
				TARGETED_DEVICE_FAMILY = "1,2";
			};
			name = Debug;
		};
		83ABA72C1F17CE93008DAD90 /* Release */ = {
			isa = XCBuildConfiguration;
			buildSettings = {
				ALWAYS_SEARCH_USER_PATHS = NO;
				CLANG_ANALYZER_NONNULL = YES;
				CLANG_ANALYZER_NUMBER_OBJECT_CONVERSION = YES_AGGRESSIVE;
				CLANG_CXX_LANGUAGE_STANDARD = "gnu++0x";
				CLANG_CXX_LIBRARY = "libc++";
				CLANG_ENABLE_MODULES = YES;
				CLANG_ENABLE_OBJC_ARC = YES;
				CLANG_WARN_BOOL_CONVERSION = YES;
				CLANG_WARN_CONSTANT_CONVERSION = YES;
				CLANG_WARN_DIRECT_OBJC_ISA_USAGE = YES_ERROR;
				CLANG_WARN_DOCUMENTATION_COMMENTS = YES;
				CLANG_WARN_EMPTY_BODY = YES;
				CLANG_WARN_ENUM_CONVERSION = YES;
				CLANG_WARN_INFINITE_RECURSION = YES;
				CLANG_WARN_INT_CONVERSION = YES;
				CLANG_WARN_OBJC_ROOT_CLASS = YES_ERROR;
				CLANG_WARN_SUSPICIOUS_MOVE = YES;
				CLANG_WARN_UNREACHABLE_CODE = YES;
				CLANG_WARN__DUPLICATE_METHOD_MATCH = YES;
				"CODE_SIGN_IDENTITY[sdk=iphoneos*]" = "iPhone Developer";
				COPY_PHASE_STRIP = NO;
				DEBUG_INFORMATION_FORMAT = "dwarf-with-dsym";
				ENABLE_NS_ASSERTIONS = NO;
				ENABLE_STRICT_OBJC_MSGSEND = YES;
				GCC_C_LANGUAGE_STANDARD = gnu99;
				GCC_NO_COMMON_BLOCKS = YES;
				GCC_WARN_64_TO_32_BIT_CONVERSION = YES;
				GCC_WARN_ABOUT_RETURN_TYPE = YES_ERROR;
				GCC_WARN_UNDECLARED_SELECTOR = YES;
				GCC_WARN_UNINITIALIZED_AUTOS = YES_AGGRESSIVE;
				GCC_WARN_UNUSED_FUNCTION = YES;
				GCC_WARN_UNUSED_VARIABLE = YES;
				IPHONEOS_DEPLOYMENT_TARGET = 10.3;
				MTL_ENABLE_DEBUG_INFO = NO;
				SDKROOT = iphoneos;
				SWIFT_OPTIMIZATION_LEVEL = "-Owholemodule";
				TARGETED_DEVICE_FAMILY = "1,2";
				VALIDATE_PRODUCT = YES;
			};
			name = Release;
		};
		83ABA72E1F17CE93008DAD90 /* Debug */ = {
			isa = XCBuildConfiguration;
			buildSettings = {
				ASSETCATALOG_COMPILER_APPICON_NAME = AppIcon;
				INFOPLIST_FILE = DreamLister/Info.plist;
				LD_RUNPATH_SEARCH_PATHS = "$(inherited) @executable_path/Frameworks";
				PRODUCT_BUNDLE_IDENTIFIER = CEO.DreamLister;
				PRODUCT_NAME = "$(TARGET_NAME)";
				SWIFT_VERSION = 3.0;
			};
			name = Debug;
		};
		83ABA72F1F17CE93008DAD90 /* Release */ = {
			isa = XCBuildConfiguration;
			buildSettings = {
				ASSETCATALOG_COMPILER_APPICON_NAME = AppIcon;
				INFOPLIST_FILE = DreamLister/Info.plist;
				LD_RUNPATH_SEARCH_PATHS = "$(inherited) @executable_path/Frameworks";
				PRODUCT_BUNDLE_IDENTIFIER = CEO.DreamLister;
				PRODUCT_NAME = "$(TARGET_NAME)";
				SWIFT_VERSION = 3.0;
			};
			name = Release;
		};
/* End XCBuildConfiguration section */

/* Begin XCConfigurationList section */
		83ABA7131F17CE93008DAD90 /* Build configuration list for PBXProject "DreamLister" */ = {
			isa = XCConfigurationList;
			buildConfigurations = (
				83ABA72B1F17CE93008DAD90 /* Debug */,
				83ABA72C1F17CE93008DAD90 /* Release */,
			);
			defaultConfigurationIsVisible = 0;
			defaultConfigurationName = Release;
		};
		83ABA72D1F17CE93008DAD90 /* Build configuration list for PBXNativeTarget "DreamLister" */ = {
			isa = XCConfigurationList;
			buildConfigurations = (
				83ABA72E1F17CE93008DAD90 /* Debug */,
				83ABA72F1F17CE93008DAD90 /* Release */,
			);
			defaultConfigurationIsVisible = 0;
		};
/* End XCConfigurationList section */

/* Begin XCVersionGroup section */
		83ABA7221F17CE93008DAD90 /* DreamLister.xcdatamodeld */ = {
			isa = XCVersionGroup;
			children = (
				83ABA7231F17CE93008DAD90 /* DreamLister.xcdatamodel */,
			);
			currentVersion = 83ABA7231F17CE93008DAD90 /* DreamLister.xcdatamodel */;
			path = DreamLister.xcdatamodeld;
			sourceTree = "<group>";
			versionGroupType = wrapper.xcdatamodel;
		};
/* End XCVersionGroup section */
	};
	rootObject = 83ABA7101F17CE93008DAD90 /* Project object */;
}
